// !$*UTF8*$!
{
	archiveVersion = 1;
	classes = {
	};
	objectVersion = 46;
	objects = {

/* Begin PBXBuildFile section */
		1307E77C1D27A87000C574DB /* NSString+Code.m in Sources */ = {isa = PBXBuildFile; fileRef = 1307E7791D27A87000C574DB /* NSString+Code.m */; };
		1307E77D1D27A87000C574DB /* NSString+MD5.m in Sources */ = {isa = PBXBuildFile; fileRef = 1307E77B1D27A87000C574DB /* NSString+MD5.m */; };
		1349D7801D2620FE00198ADD /* UIViewViewController.m in Sources */ = {isa = PBXBuildFile; fileRef = 1349D77F1D2620FE00198ADD /* UIViewViewController.m */; };
		134F1A3C1CFDBA3600C5B707 /* UIView+Frame.m in Sources */ = {isa = PBXBuildFile; fileRef = 134F1A3B1CFDBA3600C5B707 /* UIView+Frame.m */; };
		134F1A3F1CFDBB3B00C5B707 /* UIView+Operation.m in Sources */ = {isa = PBXBuildFile; fileRef = 134F1A3E1CFDBB3B00C5B707 /* UIView+Operation.m */; };
		1352C42E1D01B131006B70AB /* NSString+Attribute.m in Sources */ = {isa = PBXBuildFile; fileRef = 1352C42D1D01B131006B70AB /* NSString+Attribute.m */; };
		1352C4311D01B511006B70AB /* UIView+Toast.m in Sources */ = {isa = PBXBuildFile; fileRef = 1352C4301D01B511006B70AB /* UIView+Toast.m */; };
		1352C4351D026875006B70AB /* DSCategories.bundle in Resources */ = {isa = PBXBuildFile; fileRef = 1352C4341D026875006B70AB /* DSCategories.bundle */; };
		13543FB81CB757F100733EDA /* NSArray+SafeAccess.m in Sources */ = {isa = PBXBuildFile; fileRef = 13543FB41CB757F100733EDA /* NSArray+SafeAccess.m */; };
		13543FB91CB757F100733EDA /* NSDictionary+SafeAccess.m in Sources */ = {isa = PBXBuildFile; fileRef = 13543FB71CB757F100733EDA /* NSDictionary+SafeAccess.m */; };
		135A9CC81C6053F200A7C7AF /* UITextView+PlaceHolder.m in Sources */ = {isa = PBXBuildFile; fileRef = 135A9CC71C6053F200A7C7AF /* UITextView+PlaceHolder.m */; };
		135A9CCC1C60547500A7C7AF /* UITextViewViewController.m in Sources */ = {isa = PBXBuildFile; fileRef = 135A9CCB1C60547500A7C7AF /* UITextViewViewController.m */; };
		13640B491D212560006EB89E /* UIButtonViewController.m in Sources */ = {isa = PBXBuildFile; fileRef = 13640B481D212560006EB89E /* UIButtonViewController.m */; };
		1378F6A61D26695600E4F947 /* NSData+MD5.m in Sources */ = {isa = PBXBuildFile; fileRef = 1378F6A51D26695600E4F947 /* NSData+MD5.m */; };
		1378F6AA1D26695F00E4F947 /* UIColor+RCColor.m in Sources */ = {isa = PBXBuildFile; fileRef = 1378F6A91D26695F00E4F947 /* UIColor+RCColor.m */; };
		1378F6AE1D266A8000E4F947 /* UIViewController+LifeCycle.m in Sources */ = {isa = PBXBuildFile; fileRef = 1378F6AD1D266A8000E4F947 /* UIViewController+LifeCycle.m */; };
		1378F6B11D266BBB00E4F947 /* UIButton+BackgroundColor.m in Sources */ = {isa = PBXBuildFile; fileRef = 1378F6B01D266BBB00E4F947 /* UIButton+BackgroundColor.m */; };
		1378F6B51D26A15400E4F947 /* UIImage+Compress.m in Sources */ = {isa = PBXBuildFile; fileRef = 1378F6B41D26A15400E4F947 /* UIImage+Compress.m */; };
		13AA93DE1CFBDA7700E18CC3 /* UIButton+frame.m in Sources */ = {isa = PBXBuildFile; fileRef = 13AA93DD1CFBDA7700E18CC3 /* UIButton+frame.m */; };
		13AA93E21CFC1DBC00E18CC3 /* NSUserDefaults+SafeAccess.m in Sources */ = {isa = PBXBuildFile; fileRef = 13AA93E11CFC1DBC00E18CC3 /* NSUserDefaults+SafeAccess.m */; };
		F92E0B1E1C2289E200D0CF70 /* main.m in Sources */ = {isa = PBXBuildFile; fileRef = F92E0B1D1C2289E200D0CF70 /* main.m */; };
		F92E0B211C2289E200D0CF70 /* AppDelegate.m in Sources */ = {isa = PBXBuildFile; fileRef = F92E0B201C2289E200D0CF70 /* AppDelegate.m */; };
		F92E0B241C2289E200D0CF70 /* ViewController.m in Sources */ = {isa = PBXBuildFile; fileRef = F92E0B231C2289E200D0CF70 /* ViewController.m */; };
		F92E0B271C2289E200D0CF70 /* Main.storyboard in Resources */ = {isa = PBXBuildFile; fileRef = F92E0B251C2289E200D0CF70 /* Main.storyboard */; };
		F92E0B291C2289E200D0CF70 /* Assets.xcassets in Resources */ = {isa = PBXBuildFile; fileRef = F92E0B281C2289E200D0CF70 /* Assets.xcassets */; };
		F92E0B2C1C2289E200D0CF70 /* LaunchScreen.storyboard in Resources */ = {isa = PBXBuildFile; fileRef = F92E0B2A1C2289E200D0CF70 /* LaunchScreen.storyboard */; };
		F92E0B371C2289E200D0CF70 /* DSCategoriesTests.m in Sources */ = {isa = PBXBuildFile; fileRef = F92E0B361C2289E200D0CF70 /* DSCategoriesTests.m */; };
		F92E0B421C2289E200D0CF70 /* DSCategoriesUITests.m in Sources */ = {isa = PBXBuildFile; fileRef = F92E0B411C2289E200D0CF70 /* DSCategoriesUITests.m */; };
		F92E0B571C228F0700D0CF70 /* NSString+Size.m in Sources */ = {isa = PBXBuildFile; fileRef = F92E0B561C228F0700D0CF70 /* NSString+Size.m */; };
		F92E0B5B1C2297FC00D0CF70 /* RootViewController.m in Sources */ = {isa = PBXBuildFile; fileRef = F92E0B5A1C2297FC00D0CF70 /* RootViewController.m */; };
		F92E0B611C229AC600D0CF70 /* BaseViewController.m in Sources */ = {isa = PBXBuildFile; fileRef = F92E0B601C229AC600D0CF70 /* BaseViewController.m */; };
		F92E0B641C229B0B00D0CF70 /* NSStringViewController.m in Sources */ = {isa = PBXBuildFile; fileRef = F92E0B631C229B0B00D0CF70 /* NSStringViewController.m */; };
/* End PBXBuildFile section */

/* Begin PBXContainerItemProxy section */
		F92E0B331C2289E200D0CF70 /* PBXContainerItemProxy */ = {
			isa = PBXContainerItemProxy;
			containerPortal = F92E0B111C2289E200D0CF70 /* Project object */;
			proxyType = 1;
			remoteGlobalIDString = F92E0B181C2289E200D0CF70;
			remoteInfo = DSCategories;
		};
		F92E0B3E1C2289E200D0CF70 /* PBXContainerItemProxy */ = {
			isa = PBXContainerItemProxy;
			containerPortal = F92E0B111C2289E200D0CF70 /* Project object */;
			proxyType = 1;
			remoteGlobalIDString = F92E0B181C2289E200D0CF70;
			remoteInfo = DSCategories;
		};
/* End PBXContainerItemProxy section */

/* Begin PBXFileReference section */
		1307E7781D27A87000C574DB /* NSString+Code.h */ = {isa = PBXFileReference; fileEncoding = 4; lastKnownFileType = sourcecode.c.h; path = "NSString+Code.h"; sourceTree = "<group>"; };
		1307E7791D27A87000C574DB /* NSString+Code.m */ = {isa = PBXFileReference; fileEncoding = 4; lastKnownFileType = sourcecode.c.objc; path = "NSString+Code.m"; sourceTree = "<group>"; };
		1307E77A1D27A87000C574DB /* NSString+MD5.h */ = {isa = PBXFileReference; fileEncoding = 4; lastKnownFileType = sourcecode.c.h; path = "NSString+MD5.h"; sourceTree = "<group>"; };
		1307E77B1D27A87000C574DB /* NSString+MD5.m */ = {isa = PBXFileReference; fileEncoding = 4; lastKnownFileType = sourcecode.c.objc; path = "NSString+MD5.m"; sourceTree = "<group>"; };
		1349D77E1D2620FE00198ADD /* UIViewViewController.h */ = {isa = PBXFileReference; fileEncoding = 4; lastKnownFileType = sourcecode.c.h; path = UIViewViewController.h; sourceTree = "<group>"; };
		1349D77F1D2620FE00198ADD /* UIViewViewController.m */ = {isa = PBXFileReference; fileEncoding = 4; lastKnownFileType = sourcecode.c.objc; path = UIViewViewController.m; sourceTree = "<group>"; };
		134F1A3A1CFDBA3600C5B707 /* UIView+Frame.h */ = {isa = PBXFileReference; fileEncoding = 4; lastKnownFileType = sourcecode.c.h; path = "UIView+Frame.h"; sourceTree = "<group>"; };
		134F1A3B1CFDBA3600C5B707 /* UIView+Frame.m */ = {isa = PBXFileReference; fileEncoding = 4; lastKnownFileType = sourcecode.c.objc; path = "UIView+Frame.m"; sourceTree = "<group>"; };
		134F1A3D1CFDBB3B00C5B707 /* UIView+Operation.h */ = {isa = PBXFileReference; fileEncoding = 4; lastKnownFileType = sourcecode.c.h; path = "UIView+Operation.h"; sourceTree = "<group>"; };
		134F1A3E1CFDBB3B00C5B707 /* UIView+Operation.m */ = {isa = PBXFileReference; fileEncoding = 4; lastKnownFileType = sourcecode.c.objc; path = "UIView+Operation.m"; sourceTree = "<group>"; };
		1352C42C1D01B131006B70AB /* NSString+Attribute.h */ = {isa = PBXFileReference; fileEncoding = 4; lastKnownFileType = sourcecode.c.h; path = "NSString+Attribute.h"; sourceTree = "<group>"; };
		1352C42D1D01B131006B70AB /* NSString+Attribute.m */ = {isa = PBXFileReference; fileEncoding = 4; lastKnownFileType = sourcecode.c.objc; path = "NSString+Attribute.m"; sourceTree = "<group>"; };
		1352C42F1D01B511006B70AB /* UIView+Toast.h */ = {isa = PBXFileReference; fileEncoding = 4; lastKnownFileType = sourcecode.c.h; path = "UIView+Toast.h"; sourceTree = "<group>"; };
		1352C4301D01B511006B70AB /* UIView+Toast.m */ = {isa = PBXFileReference; fileEncoding = 4; lastKnownFileType = sourcecode.c.objc; path = "UIView+Toast.m"; sourceTree = "<group>"; };
		1352C4341D026875006B70AB /* DSCategories.bundle */ = {isa = PBXFileReference; lastKnownFileType = "wrapper.plug-in"; path = DSCategories.bundle; sourceTree = "<group>"; };
		13543FB31CB757F100733EDA /* NSArray+SafeAccess.h */ = {isa = PBXFileReference; fileEncoding = 4; lastKnownFileType = sourcecode.c.h; path = "NSArray+SafeAccess.h"; sourceTree = "<group>"; };
		13543FB41CB757F100733EDA /* NSArray+SafeAccess.m */ = {isa = PBXFileReference; fileEncoding = 4; lastKnownFileType = sourcecode.c.objc; path = "NSArray+SafeAccess.m"; sourceTree = "<group>"; };
		13543FB61CB757F100733EDA /* NSDictionary+SafeAccess.h */ = {isa = PBXFileReference; fileEncoding = 4; lastKnownFileType = sourcecode.c.h; path = "NSDictionary+SafeAccess.h"; sourceTree = "<group>"; };
		13543FB71CB757F100733EDA /* NSDictionary+SafeAccess.m */ = {isa = PBXFileReference; fileEncoding = 4; lastKnownFileType = sourcecode.c.objc; path = "NSDictionary+SafeAccess.m"; sourceTree = "<group>"; };
		135A9CC61C6053F200A7C7AF /* UITextView+PlaceHolder.h */ = {isa = PBXFileReference; fileEncoding = 4; lastKnownFileType = sourcecode.c.h; path = "UITextView+PlaceHolder.h"; sourceTree = "<group>"; };
		135A9CC71C6053F200A7C7AF /* UITextView+PlaceHolder.m */ = {isa = PBXFileReference; fileEncoding = 4; lastKnownFileType = sourcecode.c.objc; path = "UITextView+PlaceHolder.m"; sourceTree = "<group>"; };
		135A9CCA1C60547500A7C7AF /* UITextViewViewController.h */ = {isa = PBXFileReference; fileEncoding = 4; lastKnownFileType = sourcecode.c.h; path = UITextViewViewController.h; sourceTree = "<group>"; };
		135A9CCB1C60547500A7C7AF /* UITextViewViewController.m */ = {isa = PBXFileReference; fileEncoding = 4; lastKnownFileType = sourcecode.c.objc; path = UITextViewViewController.m; sourceTree = "<group>"; };
		13640B471D212560006EB89E /* UIButtonViewController.h */ = {isa = PBXFileReference; fileEncoding = 4; lastKnownFileType = sourcecode.c.h; path = UIButtonViewController.h; sourceTree = "<group>"; };
		13640B481D212560006EB89E /* UIButtonViewController.m */ = {isa = PBXFileReference; fileEncoding = 4; lastKnownFileType = sourcecode.c.objc; path = UIButtonViewController.m; sourceTree = "<group>"; };
		1378F6A41D26695600E4F947 /* NSData+MD5.h */ = {isa = PBXFileReference; fileEncoding = 4; lastKnownFileType = sourcecode.c.h; path = "NSData+MD5.h"; sourceTree = "<group>"; };
		1378F6A51D26695600E4F947 /* NSData+MD5.m */ = {isa = PBXFileReference; fileEncoding = 4; lastKnownFileType = sourcecode.c.objc; path = "NSData+MD5.m"; sourceTree = "<group>"; };
		1378F6A81D26695F00E4F947 /* UIColor+RCColor.h */ = {isa = PBXFileReference; fileEncoding = 4; lastKnownFileType = sourcecode.c.h; path = "UIColor+RCColor.h"; sourceTree = "<group>"; };
		1378F6A91D26695F00E4F947 /* UIColor+RCColor.m */ = {isa = PBXFileReference; fileEncoding = 4; lastKnownFileType = sourcecode.c.objc; path = "UIColor+RCColor.m"; sourceTree = "<group>"; };
		1378F6AC1D266A8000E4F947 /* UIViewController+LifeCycle.h */ = {isa = PBXFileReference; fileEncoding = 4; lastKnownFileType = sourcecode.c.h; path = "UIViewController+LifeCycle.h"; sourceTree = "<group>"; };
		1378F6AD1D266A8000E4F947 /* UIViewController+LifeCycle.m */ = {isa = PBXFileReference; fileEncoding = 4; lastKnownFileType = sourcecode.c.objc; path = "UIViewController+LifeCycle.m"; sourceTree = "<group>"; };
		1378F6AF1D266BBB00E4F947 /* UIButton+BackgroundColor.h */ = {isa = PBXFileReference; fileEncoding = 4; lastKnownFileType = sourcecode.c.h; path = "UIButton+BackgroundColor.h"; sourceTree = "<group>"; };
		1378F6B01D266BBB00E4F947 /* UIButton+BackgroundColor.m */ = {isa = PBXFileReference; fileEncoding = 4; lastKnownFileType = sourcecode.c.objc; path = "UIButton+BackgroundColor.m"; sourceTree = "<group>"; };
		1378F6B31D26A15400E4F947 /* UIImage+Compress.h */ = {isa = PBXFileReference; fileEncoding = 4; lastKnownFileType = sourcecode.c.h; path = "UIImage+Compress.h"; sourceTree = "<group>"; };
		1378F6B41D26A15400E4F947 /* UIImage+Compress.m */ = {isa = PBXFileReference; fileEncoding = 4; lastKnownFileType = sourcecode.c.objc; path = "UIImage+Compress.m"; sourceTree = "<group>"; };
		13AA93DC1CFBDA7700E18CC3 /* UIButton+frame.h */ = {isa = PBXFileReference; fileEncoding = 4; lastKnownFileType = sourcecode.c.h; path = "UIButton+frame.h"; sourceTree = "<group>"; };
		13AA93DD1CFBDA7700E18CC3 /* UIButton+frame.m */ = {isa = PBXFileReference; fileEncoding = 4; lastKnownFileType = sourcecode.c.objc; path = "UIButton+frame.m"; sourceTree = "<group>"; };
		13AA93E01CFC1DBC00E18CC3 /* NSUserDefaults+SafeAccess.h */ = {isa = PBXFileReference; fileEncoding = 4; lastKnownFileType = sourcecode.c.h; path = "NSUserDefaults+SafeAccess.h"; sourceTree = "<group>"; };
		13AA93E11CFC1DBC00E18CC3 /* NSUserDefaults+SafeAccess.m */ = {isa = PBXFileReference; fileEncoding = 4; lastKnownFileType = sourcecode.c.objc; path = "NSUserDefaults+SafeAccess.m"; sourceTree = "<group>"; };
		F92E0B191C2289E200D0CF70 /* DSCategories.app */ = {isa = PBXFileReference; explicitFileType = wrapper.application; includeInIndex = 0; path = DSCategories.app; sourceTree = BUILT_PRODUCTS_DIR; };
		F92E0B1D1C2289E200D0CF70 /* main.m */ = {isa = PBXFileReference; lastKnownFileType = sourcecode.c.objc; path = main.m; sourceTree = "<group>"; };
		F92E0B1F1C2289E200D0CF70 /* AppDelegate.h */ = {isa = PBXFileReference; lastKnownFileType = sourcecode.c.h; path = AppDelegate.h; sourceTree = "<group>"; };
		F92E0B201C2289E200D0CF70 /* AppDelegate.m */ = {isa = PBXFileReference; lastKnownFileType = sourcecode.c.objc; path = AppDelegate.m; sourceTree = "<group>"; };
		F92E0B221C2289E200D0CF70 /* ViewController.h */ = {isa = PBXFileReference; lastKnownFileType = sourcecode.c.h; path = ViewController.h; sourceTree = "<group>"; };
		F92E0B231C2289E200D0CF70 /* ViewController.m */ = {isa = PBXFileReference; lastKnownFileType = sourcecode.c.objc; path = ViewController.m; sourceTree = "<group>"; };
		F92E0B261C2289E200D0CF70 /* Base */ = {isa = PBXFileReference; lastKnownFileType = file.storyboard; name = Base; path = Base.lproj/Main.storyboard; sourceTree = "<group>"; };
		F92E0B281C2289E200D0CF70 /* Assets.xcassets */ = {isa = PBXFileReference; lastKnownFileType = folder.assetcatalog; path = Assets.xcassets; sourceTree = "<group>"; };
		F92E0B2B1C2289E200D0CF70 /* Base */ = {isa = PBXFileReference; lastKnownFileType = file.storyboard; name = Base; path = Base.lproj/LaunchScreen.storyboard; sourceTree = "<group>"; };
		F92E0B2D1C2289E200D0CF70 /* Info.plist */ = {isa = PBXFileReference; lastKnownFileType = text.plist.xml; path = Info.plist; sourceTree = "<group>"; };
		F92E0B321C2289E200D0CF70 /* DSCategoriesTests.xctest */ = {isa = PBXFileReference; explicitFileType = wrapper.cfbundle; includeInIndex = 0; path = DSCategoriesTests.xctest; sourceTree = BUILT_PRODUCTS_DIR; };
		F92E0B361C2289E200D0CF70 /* DSCategoriesTests.m */ = {isa = PBXFileReference; lastKnownFileType = sourcecode.c.objc; path = DSCategoriesTests.m; sourceTree = "<group>"; };
		F92E0B381C2289E200D0CF70 /* Info.plist */ = {isa = PBXFileReference; lastKnownFileType = text.plist.xml; path = Info.plist; sourceTree = "<group>"; };
		F92E0B3D1C2289E200D0CF70 /* DSCategoriesUITests.xctest */ = {isa = PBXFileReference; explicitFileType = wrapper.cfbundle; includeInIndex = 0; path = DSCategoriesUITests.xctest; sourceTree = BUILT_PRODUCTS_DIR; };
		F92E0B411C2289E200D0CF70 /* DSCategoriesUITests.m */ = {isa = PBXFileReference; lastKnownFileType = sourcecode.c.objc; path = DSCategoriesUITests.m; sourceTree = "<group>"; };
		F92E0B431C2289E200D0CF70 /* Info.plist */ = {isa = PBXFileReference; lastKnownFileType = text.plist.xml; path = Info.plist; sourceTree = "<group>"; };
		F92E0B551C228F0700D0CF70 /* NSString+Size.h */ = {isa = PBXFileReference; fileEncoding = 4; lastKnownFileType = sourcecode.c.h; path = "NSString+Size.h"; sourceTree = "<group>"; };
		F92E0B561C228F0700D0CF70 /* NSString+Size.m */ = {isa = PBXFileReference; fileEncoding = 4; lastKnownFileType = sourcecode.c.objc; path = "NSString+Size.m"; sourceTree = "<group>"; };
		F92E0B591C2297FC00D0CF70 /* RootViewController.h */ = {isa = PBXFileReference; fileEncoding = 4; lastKnownFileType = sourcecode.c.h; path = RootViewController.h; sourceTree = "<group>"; };
		F92E0B5A1C2297FC00D0CF70 /* RootViewController.m */ = {isa = PBXFileReference; fileEncoding = 4; lastKnownFileType = sourcecode.c.objc; path = RootViewController.m; sourceTree = "<group>"; };
		F92E0B5F1C229AC600D0CF70 /* BaseViewController.h */ = {isa = PBXFileReference; fileEncoding = 4; lastKnownFileType = sourcecode.c.h; path = BaseViewController.h; sourceTree = "<group>"; };
		F92E0B601C229AC600D0CF70 /* BaseViewController.m */ = {isa = PBXFileReference; fileEncoding = 4; lastKnownFileType = sourcecode.c.objc; path = BaseViewController.m; sourceTree = "<group>"; };
		F92E0B621C229B0B00D0CF70 /* NSStringViewController.h */ = {isa = PBXFileReference; fileEncoding = 4; lastKnownFileType = sourcecode.c.h; path = NSStringViewController.h; sourceTree = "<group>"; };
		F92E0B631C229B0B00D0CF70 /* NSStringViewController.m */ = {isa = PBXFileReference; fileEncoding = 4; lastKnownFileType = sourcecode.c.objc; path = NSStringViewController.m; sourceTree = "<group>"; };
/* End PBXFileReference section */

/* Begin PBXFrameworksBuildPhase section */
		F92E0B161C2289E200D0CF70 /* Frameworks */ = {
			isa = PBXFrameworksBuildPhase;
			buildActionMask = 2147483647;
			files = (
			);
			runOnlyForDeploymentPostprocessing = 0;
		};
		F92E0B2F1C2289E200D0CF70 /* Frameworks */ = {
			isa = PBXFrameworksBuildPhase;
			buildActionMask = 2147483647;
			files = (
			);
			runOnlyForDeploymentPostprocessing = 0;
		};
		F92E0B3A1C2289E200D0CF70 /* Frameworks */ = {
			isa = PBXFrameworksBuildPhase;
			buildActionMask = 2147483647;
			files = (
			);
			runOnlyForDeploymentPostprocessing = 0;
		};
/* End PBXFrameworksBuildPhase section */

/* Begin PBXGroup section */
		134F1A391CFDBA3600C5B707 /* UIView */ = {
			isa = PBXGroup;
			children = (
				1352C42F1D01B511006B70AB /* UIView+Toast.h */,
				1352C4301D01B511006B70AB /* UIView+Toast.m */,
				134F1A3A1CFDBA3600C5B707 /* UIView+Frame.h */,
				134F1A3B1CFDBA3600C5B707 /* UIView+Frame.m */,
				134F1A3D1CFDBB3B00C5B707 /* UIView+Operation.h */,
				134F1A3E1CFDBB3B00C5B707 /* UIView+Operation.m */,
			);
			path = UIView;
			sourceTree = "<group>";
		};
		13543FB21CB757F100733EDA /* NSArray */ = {
			isa = PBXGroup;
			children = (
				13543FB31CB757F100733EDA /* NSArray+SafeAccess.h */,
				13543FB41CB757F100733EDA /* NSArray+SafeAccess.m */,
			);
			path = NSArray;
			sourceTree = "<group>";
		};
		13543FB51CB757F100733EDA /* NSDictionary */ = {
			isa = PBXGroup;
			children = (
				13543FB61CB757F100733EDA /* NSDictionary+SafeAccess.h */,
				13543FB71CB757F100733EDA /* NSDictionary+SafeAccess.m */,
			);
			path = NSDictionary;
			sourceTree = "<group>";
		};
		135A9CC01C6051CF00A7C7AF /* UIKits */ = {
			isa = PBXGroup;
			children = (
				1378F6B21D26A15400E4F947 /* UIImage */,
				1378F6AB1D266A4000E4F947 /* UIViewController */,
				1378F6A71D26695F00E4F947 /* UIColor */,
				134F1A391CFDBA3600C5B707 /* UIView */,
				13AA93DB1CFBDA4800E18CC3 /* UIButton */,
				135A9CC51C6053F200A7C7AF /* UITextView */,
			);
			path = UIKits;
			sourceTree = "<group>";
		};
		135A9CC41C60536A00A7C7AF /* UIKits */ = {
			isa = PBXGroup;
			children = (
				135A9CC91C60541800A7C7AF /* UITextView */,
			);
			path = UIKits;
			sourceTree = "<group>";
		};
		135A9CC51C6053F200A7C7AF /* UITextView */ = {
			isa = PBXGroup;
			children = (
				135A9CC61C6053F200A7C7AF /* UITextView+PlaceHolder.h */,
				135A9CC71C6053F200A7C7AF /* UITextView+PlaceHolder.m */,
			);
			path = UITextView;
			sourceTree = "<group>";
		};
		135A9CC91C60541800A7C7AF /* UITextView */ = {
			isa = PBXGroup;
			children = (
				135A9CCA1C60547500A7C7AF /* UITextViewViewController.h */,
				135A9CCB1C60547500A7C7AF /* UITextViewViewController.m */,
				13640B471D212560006EB89E /* UIButtonViewController.h */,
				13640B481D212560006EB89E /* UIButtonViewController.m */,
				1349D77E1D2620FE00198ADD /* UIViewViewController.h */,
				1349D77F1D2620FE00198ADD /* UIViewViewController.m */,
			);
			path = UITextView;
			sourceTree = "<group>";
		};
		1378F6A31D26695600E4F947 /* NSData */ = {
			isa = PBXGroup;
			children = (
				1378F6A41D26695600E4F947 /* NSData+MD5.h */,
				1378F6A51D26695600E4F947 /* NSData+MD5.m */,
			);
			path = NSData;
			sourceTree = "<group>";
		};
		1378F6A71D26695F00E4F947 /* UIColor */ = {
			isa = PBXGroup;
			children = (
				1378F6A81D26695F00E4F947 /* UIColor+RCColor.h */,
				1378F6A91D26695F00E4F947 /* UIColor+RCColor.m */,
			);
			path = UIColor;
			sourceTree = "<group>";
		};
		1378F6AB1D266A4000E4F947 /* UIViewController */ = {
			isa = PBXGroup;
			children = (
				1378F6AC1D266A8000E4F947 /* UIViewController+LifeCycle.h */,
				1378F6AD1D266A8000E4F947 /* UIViewController+LifeCycle.m */,
			);
			path = UIViewController;
			sourceTree = "<group>";
		};
		1378F6B21D26A15400E4F947 /* UIImage */ = {
			isa = PBXGroup;
			children = (
				1378F6B31D26A15400E4F947 /* UIImage+Compress.h */,
				1378F6B41D26A15400E4F947 /* UIImage+Compress.m */,
			);
			path = UIImage;
			sourceTree = "<group>";
		};
		13AA93DB1CFBDA4800E18CC3 /* UIButton */ = {
			isa = PBXGroup;
			children = (
				1378F6AF1D266BBB00E4F947 /* UIButton+BackgroundColor.h */,
				1378F6B01D266BBB00E4F947 /* UIButton+BackgroundColor.m */,
				13AA93DC1CFBDA7700E18CC3 /* UIButton+frame.h */,
				13AA93DD1CFBDA7700E18CC3 /* UIButton+frame.m */,
			);
			path = UIButton;
			sourceTree = "<group>";
		};
		13AA93DF1CFC1DBC00E18CC3 /* NSUserDefaults */ = {
			isa = PBXGroup;
			children = (
				13AA93E01CFC1DBC00E18CC3 /* NSUserDefaults+SafeAccess.h */,
				13AA93E11CFC1DBC00E18CC3 /* NSUserDefaults+SafeAccess.m */,
			);
			path = NSUserDefaults;
			sourceTree = "<group>";
		};
		F92E0B101C2289E200D0CF70 = {
			isa = PBXGroup;
			children = (
				F92E0B5C1C229A3600D0CF70 /* Demos */,
				F92E0B4F1C228AED00D0CF70 /* Categories */,
				F92E0B1B1C2289E200D0CF70 /* DSCategories */,
				F92E0B351C2289E200D0CF70 /* DSCategoriesTests */,
				F92E0B401C2289E200D0CF70 /* DSCategoriesUITests */,
				F92E0B1A1C2289E200D0CF70 /* Products */,
			);
			sourceTree = "<group>";
		};
		F92E0B1A1C2289E200D0CF70 /* Products */ = {
			isa = PBXGroup;
			children = (
				F92E0B191C2289E200D0CF70 /* DSCategories.app */,
				F92E0B321C2289E200D0CF70 /* DSCategoriesTests.xctest */,
				F92E0B3D1C2289E200D0CF70 /* DSCategoriesUITests.xctest */,
			);
			name = Products;
			sourceTree = "<group>";
		};
		F92E0B1B1C2289E200D0CF70 /* DSCategories */ = {
			isa = PBXGroup;
			children = (
				F92E0B581C2297B900D0CF70 /* Controller */,
				F92E0B1F1C2289E200D0CF70 /* AppDelegate.h */,
				F92E0B201C2289E200D0CF70 /* AppDelegate.m */,
				F92E0B221C2289E200D0CF70 /* ViewController.h */,
				F92E0B231C2289E200D0CF70 /* ViewController.m */,
				F92E0B251C2289E200D0CF70 /* Main.storyboard */,
				F92E0B281C2289E200D0CF70 /* Assets.xcassets */,
				F92E0B2A1C2289E200D0CF70 /* LaunchScreen.storyboard */,
				F92E0B2D1C2289E200D0CF70 /* Info.plist */,
				F92E0B1C1C2289E200D0CF70 /* Supporting Files */,
			);
			path = DSCategories;
			sourceTree = "<group>";
		};
		F92E0B1C1C2289E200D0CF70 /* Supporting Files */ = {
			isa = PBXGroup;
			children = (
				F92E0B1D1C2289E200D0CF70 /* main.m */,
			);
			name = "Supporting Files";
			sourceTree = "<group>";
		};
		F92E0B351C2289E200D0CF70 /* DSCategoriesTests */ = {
			isa = PBXGroup;
			children = (
				F92E0B361C2289E200D0CF70 /* DSCategoriesTests.m */,
				F92E0B381C2289E200D0CF70 /* Info.plist */,
			);
			path = DSCategoriesTests;
			sourceTree = "<group>";
		};
		F92E0B401C2289E200D0CF70 /* DSCategoriesUITests */ = {
			isa = PBXGroup;
			children = (
				F92E0B411C2289E200D0CF70 /* DSCategoriesUITests.m */,
				F92E0B431C2289E200D0CF70 /* Info.plist */,
			);
			path = DSCategoriesUITests;
			sourceTree = "<group>";
		};
		F92E0B4F1C228AED00D0CF70 /* Categories */ = {
			isa = PBXGroup;
			children = (
				1352C4341D026875006B70AB /* DSCategories.bundle */,
				135A9CC01C6051CF00A7C7AF /* UIKits */,
				F92E0B501C228AED00D0CF70 /* Foundation */,
			);
			path = Categories;
			sourceTree = "<group>";
		};
		F92E0B501C228AED00D0CF70 /* Foundation */ = {
			isa = PBXGroup;
			children = (
				1378F6A31D26695600E4F947 /* NSData */,
				13AA93DF1CFC1DBC00E18CC3 /* NSUserDefaults */,
				13543FB21CB757F100733EDA /* NSArray */,
				13543FB51CB757F100733EDA /* NSDictionary */,
				F92E0B511C228AED00D0CF70 /* NSString */,
			);
			path = Foundation;
			sourceTree = "<group>";
		};
		F92E0B511C228AED00D0CF70 /* NSString */ = {
			isa = PBXGroup;
			children = (
				1307E7781D27A87000C574DB /* NSString+Code.h */,
				1307E7791D27A87000C574DB /* NSString+Code.m */,
				1307E77A1D27A87000C574DB /* NSString+MD5.h */,
				1307E77B1D27A87000C574DB /* NSString+MD5.m */,
				F92E0B551C228F0700D0CF70 /* NSString+Size.h */,
				F92E0B561C228F0700D0CF70 /* NSString+Size.m */,
				1352C42C1D01B131006B70AB /* NSString+Attribute.h */,
				1352C42D1D01B131006B70AB /* NSString+Attribute.m */,
			);
			path = NSString;
			sourceTree = "<group>";
		};
		F92E0B581C2297B900D0CF70 /* Controller */ = {
			isa = PBXGroup;
			children = (
				F92E0B591C2297FC00D0CF70 /* RootViewController.h */,
				F92E0B5A1C2297FC00D0CF70 /* RootViewController.m */,
				F92E0B5F1C229AC600D0CF70 /* BaseViewController.h */,
				F92E0B601C229AC600D0CF70 /* BaseViewController.m */,
			);
			path = Controller;
			sourceTree = "<group>";
		};
		F92E0B5C1C229A3600D0CF70 /* Demos */ = {
			isa = PBXGroup;
			children = (
				135A9CC41C60536A00A7C7AF /* UIKits */,
				F92E0B5D1C229A3600D0CF70 /* Foundation */,
			);
			path = Demos;
			sourceTree = "<group>";
		};
		F92E0B5D1C229A3600D0CF70 /* Foundation */ = {
			isa = PBXGroup;
			children = (
				F92E0B5E1C229A3600D0CF70 /* NSString */,
			);
			path = Foundation;
			sourceTree = "<group>";
		};
		F92E0B5E1C229A3600D0CF70 /* NSString */ = {
			isa = PBXGroup;
			children = (
				F92E0B621C229B0B00D0CF70 /* NSStringViewController.h */,
				F92E0B631C229B0B00D0CF70 /* NSStringViewController.m */,
			);
			path = NSString;
			sourceTree = "<group>";
		};
/* End PBXGroup section */

/* Begin PBXNativeTarget section */
		F92E0B181C2289E200D0CF70 /* DSCategories */ = {
			isa = PBXNativeTarget;
			buildConfigurationList = F92E0B461C2289E200D0CF70 /* Build configuration list for PBXNativeTarget "DSCategories" */;
			buildPhases = (
				F92E0B151C2289E200D0CF70 /* Sources */,
				F92E0B161C2289E200D0CF70 /* Frameworks */,
				F92E0B171C2289E200D0CF70 /* Resources */,
			);
			buildRules = (
			);
			dependencies = (
			);
			name = DSCategories;
			productName = DSCategories;
			productReference = F92E0B191C2289E200D0CF70 /* DSCategories.app */;
			productType = "com.apple.product-type.application";
		};
		F92E0B311C2289E200D0CF70 /* DSCategoriesTests */ = {
			isa = PBXNativeTarget;
			buildConfigurationList = F92E0B491C2289E200D0CF70 /* Build configuration list for PBXNativeTarget "DSCategoriesTests" */;
			buildPhases = (
				F92E0B2E1C2289E200D0CF70 /* Sources */,
				F92E0B2F1C2289E200D0CF70 /* Frameworks */,
				F92E0B301C2289E200D0CF70 /* Resources */,
			);
			buildRules = (
			);
			dependencies = (
				F92E0B341C2289E200D0CF70 /* PBXTargetDependency */,
			);
			name = DSCategoriesTests;
			productName = DSCategoriesTests;
			productReference = F92E0B321C2289E200D0CF70 /* DSCategoriesTests.xctest */;
			productType = "com.apple.product-type.bundle.unit-test";
		};
		F92E0B3C1C2289E200D0CF70 /* DSCategoriesUITests */ = {
			isa = PBXNativeTarget;
			buildConfigurationList = F92E0B4C1C2289E200D0CF70 /* Build configuration list for PBXNativeTarget "DSCategoriesUITests" */;
			buildPhases = (
				F92E0B391C2289E200D0CF70 /* Sources */,
				F92E0B3A1C2289E200D0CF70 /* Frameworks */,
				F92E0B3B1C2289E200D0CF70 /* Resources */,
			);
			buildRules = (
			);
			dependencies = (
				F92E0B3F1C2289E200D0CF70 /* PBXTargetDependency */,
			);
			name = DSCategoriesUITests;
			productName = DSCategoriesUITests;
			productReference = F92E0B3D1C2289E200D0CF70 /* DSCategoriesUITests.xctest */;
			productType = "com.apple.product-type.bundle.ui-testing";
		};
/* End PBXNativeTarget section */

/* Begin PBXProject section */
		F92E0B111C2289E200D0CF70 /* Project object */ = {
			isa = PBXProject;
			attributes = {
				LastSwiftUpdateCheck = 0730;
				LastUpgradeCheck = 0720;
				ORGANIZATIONNAME = dasheng;
				TargetAttributes = {
					F92E0B181C2289E200D0CF70 = {
						CreatedOnToolsVersion = 7.2;
					};
					F92E0B311C2289E200D0CF70 = {
						CreatedOnToolsVersion = 7.2;
						TestTargetID = F92E0B181C2289E200D0CF70;
					};
					F92E0B3C1C2289E200D0CF70 = {
						CreatedOnToolsVersion = 7.2;
						TestTargetID = F92E0B181C2289E200D0CF70;
					};
				};
			};
			buildConfigurationList = F92E0B141C2289E200D0CF70 /* Build configuration list for PBXProject "DSCategories" */;
			compatibilityVersion = "Xcode 3.2";
			developmentRegion = English;
			hasScannedForEncodings = 0;
			knownRegions = (
				en,
				Base,
			);
			mainGroup = F92E0B101C2289E200D0CF70;
			productRefGroup = F92E0B1A1C2289E200D0CF70 /* Products */;
			projectDirPath = "";
			projectRoot = "";
			targets = (
				F92E0B181C2289E200D0CF70 /* DSCategories */,
				F92E0B311C2289E200D0CF70 /* DSCategoriesTests */,
				F92E0B3C1C2289E200D0CF70 /* DSCategoriesUITests */,
			);
		};
/* End PBXProject section */

/* Begin PBXResourcesBuildPhase section */
		F92E0B171C2289E200D0CF70 /* Resources */ = {
			isa = PBXResourcesBuildPhase;
			buildActionMask = 2147483647;
			files = (
				1352C4351D026875006B70AB /* DSCategories.bundle in Resources */,
				F92E0B2C1C2289E200D0CF70 /* LaunchScreen.storyboard in Resources */,
				F92E0B291C2289E200D0CF70 /* Assets.xcassets in Resources */,
				F92E0B271C2289E200D0CF70 /* Main.storyboard in Resources */,
			);
			runOnlyForDeploymentPostprocessing = 0;
		};
		F92E0B301C2289E200D0CF70 /* Resources */ = {
			isa = PBXResourcesBuildPhase;
			buildActionMask = 2147483647;
			files = (
			);
			runOnlyForDeploymentPostprocessing = 0;
		};
		F92E0B3B1C2289E200D0CF70 /* Resources */ = {
			isa = PBXResourcesBuildPhase;
			buildActionMask = 2147483647;
			files = (
			);
			runOnlyForDeploymentPostprocessing = 0;
		};
/* End PBXResourcesBuildPhase section */

/* Begin PBXSourcesBuildPhase section */
		F92E0B151C2289E200D0CF70 /* Sources */ = {
			isa = PBXSourcesBuildPhase;
			buildActionMask = 2147483647;
			files = (
				1378F6B11D266BBB00E4F947 /* UIButton+BackgroundColor.m in Sources */,
				1378F6AA1D26695F00E4F947 /* UIColor+RCColor.m in Sources */,
				13543FB91CB757F100733EDA /* NSDictionary+SafeAccess.m in Sources */,
				F92E0B241C2289E200D0CF70 /* ViewController.m in Sources */,
				13543FB81CB757F100733EDA /* NSArray+SafeAccess.m in Sources */,
				13AA93DE1CFBDA7700E18CC3 /* UIButton+frame.m in Sources */,
				134F1A3C1CFDBA3600C5B707 /* UIView+Frame.m in Sources */,
				135A9CC81C6053F200A7C7AF /* UITextView+PlaceHolder.m in Sources */,
				1352C42E1D01B131006B70AB /* NSString+Attribute.m in Sources */,
				1349D7801D2620FE00198ADD /* UIViewViewController.m in Sources */,
				1378F6AE1D266A8000E4F947 /* UIViewController+LifeCycle.m in Sources */,
				F92E0B611C229AC600D0CF70 /* BaseViewController.m in Sources */,
				1352C4311D01B511006B70AB /* UIView+Toast.m in Sources */,
				1378F6B51D26A15400E4F947 /* UIImage+Compress.m in Sources */,
				F92E0B211C2289E200D0CF70 /* AppDelegate.m in Sources */,
				F92E0B1E1C2289E200D0CF70 /* main.m in Sources */,
				13AA93E21CFC1DBC00E18CC3 /* NSUserDefaults+SafeAccess.m in Sources */,
				F92E0B571C228F0700D0CF70 /* NSString+Size.m in Sources */,
				134F1A3F1CFDBB3B00C5B707 /* UIView+Operation.m in Sources */,
				13640B491D212560006EB89E /* UIButtonViewController.m in Sources */,
				1307E77D1D27A87000C574DB /* NSString+MD5.m in Sources */,
				135A9CCC1C60547500A7C7AF /* UITextViewViewController.m in Sources */,
				1307E77C1D27A87000C574DB /* NSString+Code.m in Sources */,
				F92E0B5B1C2297FC00D0CF70 /* RootViewController.m in Sources */,
				F92E0B641C229B0B00D0CF70 /* NSStringViewController.m in Sources */,
				1378F6A61D26695600E4F947 /* NSData+MD5.m in Sources */,
			);
			runOnlyForDeploymentPostprocessing = 0;
		};
		F92E0B2E1C2289E200D0CF70 /* Sources */ = {
			isa = PBXSourcesBuildPhase;
			buildActionMask = 2147483647;
			files = (
				F92E0B371C2289E200D0CF70 /* DSCategoriesTests.m in Sources */,
			);
			runOnlyForDeploymentPostprocessing = 0;
		};
		F92E0B391C2289E200D0CF70 /* Sources */ = {
			isa = PBXSourcesBuildPhase;
			buildActionMask = 2147483647;
			files = (
				F92E0B421C2289E200D0CF70 /* DSCategoriesUITests.m in Sources */,
			);
			runOnlyForDeploymentPostprocessing = 0;
		};
/* End PBXSourcesBuildPhase section */

/* Begin PBXTargetDependency section */
		F92E0B341C2289E200D0CF70 /* PBXTargetDependency */ = {
			isa = PBXTargetDependency;
			target = F92E0B181C2289E200D0CF70 /* DSCategories */;
			targetProxy = F92E0B331C2289E200D0CF70 /* PBXContainerItemProxy */;
		};
		F92E0B3F1C2289E200D0CF70 /* PBXTargetDependency */ = {
			isa = PBXTargetDependency;
			target = F92E0B181C2289E200D0CF70 /* DSCategories */;
			targetProxy = F92E0B3E1C2289E200D0CF70 /* PBXContainerItemProxy */;
		};
/* End PBXTargetDependency section */

/* Begin PBXVariantGroup section */
		F92E0B251C2289E200D0CF70 /* Main.storyboard */ = {
			isa = PBXVariantGroup;
			children = (
				F92E0B261C2289E200D0CF70 /* Base */,
			);
			name = Main.storyboard;
			sourceTree = "<group>";
		};
		F92E0B2A1C2289E200D0CF70 /* LaunchScreen.storyboard */ = {
			isa = PBXVariantGroup;
			children = (
				F92E0B2B1C2289E200D0CF70 /* Base */,
			);
			name = LaunchScreen.storyboard;
			sourceTree = "<group>";
		};
/* End PBXVariantGroup section */

/* Begin XCBuildConfiguration section */
		F92E0B441C2289E200D0CF70 /* Debug */ = {
			isa = XCBuildConfiguration;
			buildSettings = {
				ALWAYS_SEARCH_USER_PATHS = NO;
				CLANG_CXX_LANGUAGE_STANDARD = "gnu++0x";
				CLANG_CXX_LIBRARY = "libc++";
				CLANG_ENABLE_MODULES = YES;
				CLANG_ENABLE_OBJC_ARC = YES;
				CLANG_WARN_BOOL_CONVERSION = YES;
				CLANG_WARN_CONSTANT_CONVERSION = YES;
				CLANG_WARN_DIRECT_OBJC_ISA_USAGE = YES_ERROR;
				CLANG_WARN_EMPTY_BODY = YES;
				CLANG_WARN_ENUM_CONVERSION = YES;
				CLANG_WARN_INT_CONVERSION = YES;
				CLANG_WARN_OBJC_ROOT_CLASS = YES_ERROR;
				CLANG_WARN_UNREACHABLE_CODE = YES;
				CLANG_WARN__DUPLICATE_METHOD_MATCH = YES;
				"CODE_SIGN_IDENTITY[sdk=iphoneos*]" = "iPhone Developer";
				COPY_PHASE_STRIP = NO;
				DEBUG_INFORMATION_FORMAT = dwarf;
				ENABLE_STRICT_OBJC_MSGSEND = YES;
				ENABLE_TESTABILITY = YES;
				GCC_C_LANGUAGE_STANDARD = gnu99;
				GCC_DYNAMIC_NO_PIC = NO;
				GCC_NO_COMMON_BLOCKS = YES;
				GCC_OPTIMIZATION_LEVEL = 0;
				GCC_PREPROCESSOR_DEFINITIONS = (
					"DEBUG=1",
					"$(inherited)",
				);
				GCC_WARN_64_TO_32_BIT_CONVERSION = YES;
				GCC_WARN_ABOUT_RETURN_TYPE = YES_ERROR;
				GCC_WARN_UNDECLARED_SELECTOR = YES;
				GCC_WARN_UNINITIALIZED_AUTOS = YES_AGGRESSIVE;
				GCC_WARN_UNUSED_FUNCTION = YES;
				GCC_WARN_UNUSED_VARIABLE = YES;
				IPHONEOS_DEPLOYMENT_TARGET = 9.2;
				MTL_ENABLE_DEBUG_INFO = YES;
				ONLY_ACTIVE_ARCH = YES;
				SDKROOT = iphoneos;
				TARGETED_DEVICE_FAMILY = "1,2";
			};
			name = Debug;
		};
		F92E0B451C2289E200D0CF70 /* Release */ = {
			isa = XCBuildConfiguration;
			buildSettings = {
				ALWAYS_SEARCH_USER_PATHS = NO;
				CLANG_CXX_LANGUAGE_STANDARD = "gnu++0x";
				CLANG_CXX_LIBRARY = "libc++";
				CLANG_ENABLE_MODULES = YES;
				CLANG_ENABLE_OBJC_ARC = YES;
				CLANG_WARN_BOOL_CONVERSION = YES;
				CLANG_WARN_CONSTANT_CONVERSION = YES;
				CLANG_WARN_DIRECT_OBJC_ISA_USAGE = YES_ERROR;
				CLANG_WARN_EMPTY_BODY = YES;
				CLANG_WARN_ENUM_CONVERSION = YES;
				CLANG_WARN_INT_CONVERSION = YES;
				CLANG_WARN_OBJC_ROOT_CLASS = YES_ERROR;
				CLANG_WARN_UNREACHABLE_CODE = YES;
				CLANG_WARN__DUPLICATE_METHOD_MATCH = YES;
				"CODE_SIGN_IDENTITY[sdk=iphoneos*]" = "iPhone Developer";
				COPY_PHASE_STRIP = NO;
				DEBUG_INFORMATION_FORMAT = "dwarf-with-dsym";
				ENABLE_NS_ASSERTIONS = NO;
				ENABLE_STRICT_OBJC_MSGSEND = YES;
				GCC_C_LANGUAGE_STANDARD = gnu99;
				GCC_NO_COMMON_BLOCKS = YES;
				GCC_WARN_64_TO_32_BIT_CONVERSION = YES;
				GCC_WARN_ABOUT_RETURN_TYPE = YES_ERROR;
				GCC_WARN_UNDECLARED_SELECTOR = YES;
				GCC_WARN_UNINITIALIZED_AUTOS = YES_AGGRESSIVE;
				GCC_WARN_UNUSED_FUNCTION = YES;
				GCC_WARN_UNUSED_VARIABLE = YES;
				IPHONEOS_DEPLOYMENT_TARGET = 9.2;
				MTL_ENABLE_DEBUG_INFO = NO;
				SDKROOT = iphoneos;
				TARGETED_DEVICE_FAMILY = "1,2";
				VALIDATE_PRODUCT = YES;
			};
			name = Release;
		};
		F92E0B471C2289E200D0CF70 /* Debug */ = {
			isa = XCBuildConfiguration;
			buildSettings = {
				ASSETCATALOG_COMPILER_APPICON_NAME = AppIcon;
				CLANG_ENABLE_MODULES = YES;
				DEFINES_MODULE = YES;
				EMBEDDED_CONTENT_CONTAINS_SWIFT = YES;
				INFOPLIST_FILE = DSCategories/Info.plist;
				IPHONEOS_DEPLOYMENT_TARGET = 7.0;
				LD_RUNPATH_SEARCH_PATHS = "$(inherited) @executable_path/Frameworks";
				PRODUCT_BUNDLE_IDENTIFIER = dasheng.DSCategories;
				PRODUCT_NAME = "$(TARGET_NAME)";
				SWIFT_OBJC_BRIDGING_HEADER = "/Users/YMY/github/DSCategories/DSCategories-Bridging-Header.h";
				SWIFT_OPTIMIZATION_LEVEL = "-Onone";
			};
			name = Debug;
		};
		F92E0B481C2289E200D0CF70 /* Release */ = {
			isa = XCBuildConfiguration;
			buildSettings = {
				ASSETCATALOG_COMPILER_APPICON_NAME = AppIcon;
				CLANG_ENABLE_MODULES = YES;
				DEFINES_MODULE = YES;
				EMBEDDED_CONTENT_CONTAINS_SWIFT = YES;
				INFOPLIST_FILE = DSCategories/Info.plist;
				IPHONEOS_DEPLOYMENT_TARGET = 7.0;
				LD_RUNPATH_SEARCH_PATHS = "$(inherited) @executable_path/Frameworks";
				PRODUCT_BUNDLE_IDENTIFIER = dasheng.DSCategories;
				PRODUCT_NAME = "$(TARGET_NAME)";
				SWIFT_OBJC_BRIDGING_HEADER = "/Users/YMY/github/DSCategories/DSCategories-Bridging-Header.h";
			};
			name = Release;
		};
		F92E0B4A1C2289E200D0CF70 /* Debug */ = {
			isa = XCBuildConfiguration;
			buildSettings = {
				BUNDLE_LOADER = "$(TEST_HOST)";
				INFOPLIST_FILE = DSCategoriesTests/Info.plist;
				LD_RUNPATH_SEARCH_PATHS = "$(inherited) @executable_path/Frameworks @loader_path/Frameworks";
				PRODUCT_BUNDLE_IDENTIFIER = dasheng.DSCategoriesTests;
				PRODUCT_NAME = "$(TARGET_NAME)";
				TEST_HOST = "$(BUILT_PRODUCTS_DIR)/DSCategories.app/DSCategories";
			};
			name = Debug;
		};
		F92E0B4B1C2289E200D0CF70 /* Release */ = {
			isa = XCBuildConfiguration;
			buildSettings = {
				BUNDLE_LOADER = "$(TEST_HOST)";
				INFOPLIST_FILE = DSCategoriesTests/Info.plist;
				LD_RUNPATH_SEARCH_PATHS = "$(inherited) @executable_path/Frameworks @loader_path/Frameworks";
				PRODUCT_BUNDLE_IDENTIFIER = dasheng.DSCategoriesTests;
				PRODUCT_NAME = "$(TARGET_NAME)";
				TEST_HOST = "$(BUILT_PRODUCTS_DIR)/DSCategories.app/DSCategories";
			};
			name = Release;
		};
		F92E0B4D1C2289E200D0CF70 /* Debug */ = {
			isa = XCBuildConfiguration;
			buildSettings = {
				INFOPLIST_FILE = DSCategoriesUITests/Info.plist;
				LD_RUNPATH_SEARCH_PATHS = "$(inherited) @executable_path/Frameworks @loader_path/Frameworks";
				PRODUCT_BUNDLE_IDENTIFIER = dasheng.DSCategoriesUITests;
				PRODUCT_NAME = "$(TARGET_NAME)";
				TEST_TARGET_NAME = DSCategories;
				USES_XCTRUNNER = YES;
			};
			name = Debug;
		};
		F92E0B4E1C2289E200D0CF70 /* Release */ = {
			isa = XCBuildConfiguration;
			buildSettings = {
				INFOPLIST_FILE = DSCategoriesUITests/Info.plist;
				LD_RUNPATH_SEARCH_PATHS = "$(inherited) @executable_path/Frameworks @loader_path/Frameworks";
				PRODUCT_BUNDLE_IDENTIFIER = dasheng.DSCategoriesUITests;
				PRODUCT_NAME = "$(TARGET_NAME)";
				TEST_TARGET_NAME = DSCategories;
				USES_XCTRUNNER = YES;
			};
			name = Release;
		};
/* End XCBuildConfiguration section */

/* Begin XCConfigurationList section */
		F92E0B141C2289E200D0CF70 /* Build configuration list for PBXProject "DSCategories" */ = {
			isa = XCConfigurationList;
			buildConfigurations = (
				F92E0B441C2289E200D0CF70 /* Debug */,
				F92E0B451C2289E200D0CF70 /* Release */,
			);
			defaultConfigurationIsVisible = 0;
			defaultConfigurationName = Release;
		};
		F92E0B461C2289E200D0CF70 /* Build configuration list for PBXNativeTarget "DSCategories" */ = {
			isa = XCConfigurationList;
			buildConfigurations = (
				F92E0B471C2289E200D0CF70 /* Debug */,
				F92E0B481C2289E200D0CF70 /* Release */,
			);
			defaultConfigurationIsVisible = 0;
			defaultConfigurationName = Release;
		};
		F92E0B491C2289E200D0CF70 /* Build configuration list for PBXNativeTarget "DSCategoriesTests" */ = {
			isa = XCConfigurationList;
			buildConfigurations = (
				F92E0B4A1C2289E200D0CF70 /* Debug */,
				F92E0B4B1C2289E200D0CF70 /* Release */,
			);
			defaultConfigurationIsVisible = 0;
			defaultConfigurationName = Release;
		};
		F92E0B4C1C2289E200D0CF70 /* Build configuration list for PBXNativeTarget "DSCategoriesUITests" */ = {
			isa = XCConfigurationList;
			buildConfigurations = (
				F92E0B4D1C2289E200D0CF70 /* Debug */,
				F92E0B4E1C2289E200D0CF70 /* Release */,
			);
			defaultConfigurationIsVisible = 0;
			defaultConfigurationName = Release;
		};
/* End XCConfigurationList section */
	};
	rootObject = F92E0B111C2289E200D0CF70 /* Project object */;
}
